// !$*UTF8*$!
{
	archiveVersion = 1;
	classes = {
	};
	objectVersion = 55;
	objects = {

/* Begin PBXBuildFile section */
		3B9698E428976F5A006CED8C /* API_JSON_with_URLSessionApp.swift in Sources */ = {isa = PBXBuildFile; fileRef = 3B9698E328976F5A006CED8C /* API_JSON_with_URLSessionApp.swift */; };
		3B9698E628976F5A006CED8C /* HomeUserListView.swift in Sources */ = {isa = PBXBuildFile; fileRef = 3B9698E528976F5A006CED8C /* HomeUserListView.swift */; };
		3B9698E828976F5C006CED8C /* Assets.xcassets in Resources */ = {isa = PBXBuildFile; fileRef = 3B9698E728976F5C006CED8C /* Assets.xcassets */; };
		3B9698EB28976F5C006CED8C /* Preview Assets.xcassets in Resources */ = {isa = PBXBuildFile; fileRef = 3B9698EA28976F5C006CED8C /* Preview Assets.xcassets */; };
		3B9698F228977141006CED8C /* User.swift in Sources */ = {isa = PBXBuildFile; fileRef = 3B9698F128977141006CED8C /* User.swift */; };
		3B9698F42897723A006CED8C /* UsersViewModel.swift in Sources */ = {isa = PBXBuildFile; fileRef = 3B9698F32897723A006CED8C /* UsersViewModel.swift */; };
		3B9698F628977824006CED8C /* UserView.swift in Sources */ = {isa = PBXBuildFile; fileRef = 3B9698F528977824006CED8C /* UserView.swift */; };
		3B9698F828986CDA006CED8C /* UserInfoView.swift in Sources */ = {isa = PBXBuildFile; fileRef = 3B9698F728986CDA006CED8C /* UserInfoView.swift */; };
		3B9698FA28986D98006CED8C /* UserDetailView.swift in Sources */ = {isa = PBXBuildFile; fileRef = 3B9698F928986D98006CED8C /* UserDetailView.swift */; };
		3B9699002898733B006CED8C /* Address.swift in Sources */ = {isa = PBXBuildFile; fileRef = 3B9698FF2898733B006CED8C /* Address.swift */; };
		3B96990228987353006CED8C /* Company.swift in Sources */ = {isa = PBXBuildFile; fileRef = 3B96990128987353006CED8C /* Company.swift */; };
		3B969904289874DC006CED8C /* Geo.swift in Sources */ = {isa = PBXBuildFile; fileRef = 3B969903289874DC006CED8C /* Geo.swift */; };
/* End PBXBuildFile section */

/* Begin PBXFileReference section */
		3B9698E028976F5A006CED8C /* API-JSON-with-URLSession.app */ = {isa = PBXFileReference; explicitFileType = wrapper.application; includeInIndex = 0; path = "API-JSON-with-URLSession.app"; sourceTree = BUILT_PRODUCTS_DIR; };
		3B9698E328976F5A006CED8C /* API_JSON_with_URLSessionApp.swift */ = {isa = PBXFileReference; lastKnownFileType = sourcecode.swift; path = API_JSON_with_URLSessionApp.swift; sourceTree = "<group>"; };
		3B9698E528976F5A006CED8C /* HomeUserListView.swift */ = {isa = PBXFileReference; lastKnownFileType = sourcecode.swift; path = HomeUserListView.swift; sourceTree = "<group>"; };
		3B9698E728976F5C006CED8C /* Assets.xcassets */ = {isa = PBXFileReference; lastKnownFileType = folder.assetcatalog; path = Assets.xcassets; sourceTree = "<group>"; };
		3B9698EA28976F5C006CED8C /* Preview Assets.xcassets */ = {isa = PBXFileReference; lastKnownFileType = folder.assetcatalog; path = "Preview Assets.xcassets"; sourceTree = "<group>"; };
		3B9698F128977141006CED8C /* User.swift */ = {isa = PBXFileReference; lastKnownFileType = sourcecode.swift; path = User.swift; sourceTree = "<group>"; };
		3B9698F32897723A006CED8C /* UsersViewModel.swift */ = {isa = PBXFileReference; lastKnownFileType = sourcecode.swift; path = UsersViewModel.swift; sourceTree = "<group>"; };
		3B9698F528977824006CED8C /* UserView.swift */ = {isa = PBXFileReference; lastKnownFileType = sourcecode.swift; path = UserView.swift; sourceTree = "<group>"; };
		3B9698F728986CDA006CED8C /* UserInfoView.swift */ = {isa = PBXFileReference; lastKnownFileType = sourcecode.swift; path = UserInfoView.swift; sourceTree = "<group>"; };
		3B9698F928986D98006CED8C /* UserDetailView.swift */ = {isa = PBXFileReference; lastKnownFileType = sourcecode.swift; path = UserDetailView.swift; sourceTree = "<group>"; };
		3B9698FF2898733B006CED8C /* Address.swift */ = {isa = PBXFileReference; lastKnownFileType = sourcecode.swift; path = Address.swift; sourceTree = "<group>"; };
		3B96990128987353006CED8C /* Company.swift */ = {isa = PBXFileReference; lastKnownFileType = sourcecode.swift; path = Company.swift; sourceTree = "<group>"; };
		3B969903289874DC006CED8C /* Geo.swift */ = {isa = PBXFileReference; lastKnownFileType = sourcecode.swift; path = Geo.swift; sourceTree = "<group>"; };
/* End PBXFileReference section */

/* Begin PBXFrameworksBuildPhase section */
		3B9698DD28976F5A006CED8C /* Frameworks */ = {
			isa = PBXFrameworksBuildPhase;
			buildActionMask = 2147483647;
			files = (
			);
			runOnlyForDeploymentPostprocessing = 0;
		};
/* End PBXFrameworksBuildPhase section */

/* Begin PBXGroup section */
		3B9698D728976F5A006CED8C = {
			isa = PBXGroup;
			children = (
				3B9698E228976F5A006CED8C /* API-JSON-with-URLSession */,
				3B9698E128976F5A006CED8C /* Products */,
			);
			sourceTree = "<group>";
		};
		3B9698E128976F5A006CED8C /* Products */ = {
			isa = PBXGroup;
			children = (
				3B9698E028976F5A006CED8C /* API-JSON-with-URLSession.app */,
			);
			name = Products;
			sourceTree = "<group>";
		};
		3B9698E228976F5A006CED8C /* API-JSON-with-URLSession */ = {
			isa = PBXGroup;
			children = (
				3B9698FE289872DD006CED8C /* Model */,
				3B9698FD289872D3006CED8C /* ViewModel */,
				3B9698FC289872BD006CED8C /* View */,
				3B9698E328976F5A006CED8C /* API_JSON_with_URLSessionApp.swift */,
				3B9698E728976F5C006CED8C /* Assets.xcassets */,
				3B9698E928976F5C006CED8C /* Preview Content */,
			);
			path = "API-JSON-with-URLSession";
			sourceTree = "<group>";
		};
		3B9698E928976F5C006CED8C /* Preview Content */ = {
			isa = PBXGroup;
			children = (
				3B9698EA28976F5C006CED8C /* Preview Assets.xcassets */,
			);
			path = "Preview Content";
			sourceTree = "<group>";
		};
		3B9698FC289872BD006CED8C /* View */ = {
			isa = PBXGroup;
			children = (
				3B9698E528976F5A006CED8C /* HomeUserListView.swift */,
				3B9698F528977824006CED8C /* UserView.swift */,
				3B9698F928986D98006CED8C /* UserDetailView.swift */,
				3B9698F728986CDA006CED8C /* UserInfoView.swift */,
			);
			path = View;
			sourceTree = "<group>";
		};
		3B9698FD289872D3006CED8C /* ViewModel */ = {
			isa = PBXGroup;
			children = (
				3B9698F32897723A006CED8C /* UsersViewModel.swift */,
			);
			path = ViewModel;
			sourceTree = "<group>";
		};
		3B9698FE289872DD006CED8C /* Model */ = {
			isa = PBXGroup;
			children = (
				3B9698F128977141006CED8C /* User.swift */,
				3B9698FF2898733B006CED8C /* Address.swift */,
				3B96990128987353006CED8C /* Company.swift */,
				3B969903289874DC006CED8C /* Geo.swift */,
			);
			path = Model;
			sourceTree = "<group>";
		};
/* End PBXGroup section */

/* Begin PBXNativeTarget section */
		3B9698DF28976F5A006CED8C /* API-JSON-with-URLSession */ = {
			isa = PBXNativeTarget;
			buildConfigurationList = 3B9698EE28976F5C006CED8C /* Build configuration list for PBXNativeTarget "API-JSON-with-URLSession" */;
			buildPhases = (
				3B9698DC28976F5A006CED8C /* Sources */,
				3B9698DD28976F5A006CED8C /* Frameworks */,
				3B9698DE28976F5A006CED8C /* Resources */,
			);
			buildRules = (
			);
			dependencies = (
			);
			name = "API-JSON-with-URLSession";
			productName = "API-JSON-with-URLSession";
			productReference = 3B9698E028976F5A006CED8C /* API-JSON-with-URLSession.app */;
			productType = "com.apple.product-type.application";
		};
/* End PBXNativeTarget section */

/* Begin PBXProject section */
		3B9698D828976F5A006CED8C /* Project object */ = {
			isa = PBXProject;
			attributes = {
				BuildIndependentTargetsInParallel = 1;
				LastSwiftUpdateCheck = 1320;
				LastUpgradeCheck = 1320;
				TargetAttributes = {
					3B9698DF28976F5A006CED8C = {
						CreatedOnToolsVersion = 13.2.1;
					};
				};
			};
			buildConfigurationList = 3B9698DB28976F5A006CED8C /* Build configuration list for PBXProject "API-JSON-with-URLSession" */;
			compatibilityVersion = "Xcode 13.0";
			developmentRegion = en;
			hasScannedForEncodings = 0;
			knownRegions = (
				en,
				Base,
			);
			mainGroup = 3B9698D728976F5A006CED8C;
			productRefGroup = 3B9698E128976F5A006CED8C /* Products */;
			projectDirPath = "";
			projectRoot = "";
			targets = (
				3B9698DF28976F5A006CED8C /* API-JSON-with-URLSession */,
			);
		};
/* End PBXProject section */

/* Begin PBXResourcesBuildPhase section */
		3B9698DE28976F5A006CED8C /* Resources */ = {
			isa = PBXResourcesBuildPhase;
			buildActionMask = 2147483647;
			files = (
				3B9698EB28976F5C006CED8C /* Preview Assets.xcassets in Resources */,
				3B9698E828976F5C006CED8C /* Assets.xcassets in Resources */,
			);
			runOnlyForDeploymentPostprocessing = 0;
		};
/* End PBXResourcesBuildPhase section */

/* Begin PBXSourcesBuildPhase section */
		3B9698DC28976F5A006CED8C /* Sources */ = {
			isa = PBXSourcesBuildPhase;
			buildActionMask = 2147483647;
			files = (
				3B9698E628976F5A006CED8C /* HomeUserListView.swift in Sources */,
				3B9698F42897723A006CED8C /* UsersViewModel.swift in Sources */,
				3B96990228987353006CED8C /* Company.swift in Sources */,
				3B9698F628977824006CED8C /* UserView.swift in Sources */,
				3B9698F828986CDA006CED8C /* UserInfoView.swift in Sources */,
				3B9698FA28986D98006CED8C /* UserDetailView.swift in Sources */,
				3B9698E428976F5A006CED8C /* API_JSON_with_URLSessionApp.swift in Sources */,
				3B9699002898733B006CED8C /* Address.swift in Sources */,
				3B9698F228977141006CED8C /* User.swift in Sources */,
				3B969904289874DC006CED8C /* Geo.swift in Sources */,
			);
			runOnlyForDeploymentPostprocessing = 0;
		};
/* End PBXSourcesBuildPhase section */

/* Begin XCBuildConfiguration section */
		3B9698EC28976F5C006CED8C /* Debug */ = {
			isa = XCBuildConfiguration;
			buildSettings = {
				ALWAYS_SEARCH_USER_PATHS = NO;
				CLANG_ANALYZER_NONNULL = YES;
				CLANG_ANALYZER_NUMBER_OBJECT_CONVERSION = YES_AGGRESSIVE;
				CLANG_CXX_LANGUAGE_STANDARD = "gnu++17";
				CLANG_CXX_LIBRARY = "libc++";
				CLANG_ENABLE_MODULES = YES;
				CLANG_ENABLE_OBJC_ARC = YES;
				CLANG_ENABLE_OBJC_WEAK = YES;
				CLANG_WARN_BLOCK_CAPTURE_AUTORELEASING = YES;
				CLANG_WARN_BOOL_CONVERSION = YES;
				CLANG_WARN_COMMA = YES;
				CLANG_WARN_CONSTANT_CONVERSION = YES;
				CLANG_WARN_DEPRECATED_OBJC_IMPLEMENTATIONS = YES;
				CLANG_WARN_DIRECT_OBJC_ISA_USAGE = YES_ERROR;
				CLANG_WARN_DOCUMENTATION_COMMENTS = YES;
				CLANG_WARN_EMPTY_BODY = YES;
				CLANG_WARN_ENUM_CONVERSION = YES;
				CLANG_WARN_INFINITE_RECURSION = YES;
				CLANG_WARN_INT_CONVERSION = YES;
				CLANG_WARN_NON_LITERAL_NULL_CONVERSION = YES;
				CLANG_WARN_OBJC_IMPLICIT_RETAIN_SELF = YES;
				CLANG_WARN_OBJC_LITERAL_CONVERSION = YES;
				CLANG_WARN_OBJC_ROOT_CLASS = YES_ERROR;
				CLANG_WARN_QUOTED_INCLUDE_IN_FRAMEWORK_HEADER = YES;
				CLANG_WARN_RANGE_LOOP_ANALYSIS = YES;
				CLANG_WARN_STRICT_PROTOTYPES = YES;
				CLANG_WARN_SUSPICIOUS_MOVE = YES;
				CLANG_WARN_UNGUARDED_AVAILABILITY = YES_AGGRESSIVE;
				CLANG_WARN_UNREACHABLE_CODE = YES;
				CLANG_WARN__DUPLICATE_METHOD_MATCH = YES;
				COPY_PHASE_STRIP = NO;
				DEBUG_INFORMATION_FORMAT = dwarf;
				ENABLE_STRICT_OBJC_MSGSEND = YES;
				ENABLE_TESTABILITY = YES;
				GCC_C_LANGUAGE_STANDARD = gnu11;
				GCC_DYNAMIC_NO_PIC = NO;
				GCC_NO_COMMON_BLOCKS = YES;
				GCC_OPTIMIZATION_LEVEL = 0;
				GCC_PREPROCESSOR_DEFINITIONS = (
					"DEBUG=1",
					"$(inherited)",
				);
				GCC_WARN_64_TO_32_BIT_CONVERSION = YES;
				GCC_WARN_ABOUT_RETURN_TYPE = YES_ERROR;
				GCC_WARN_UNDECLARED_SELECTOR = YES;
				GCC_WARN_UNINITIALIZED_AUTOS = YES_AGGRESSIVE;
				GCC_WARN_UNUSED_FUNCTION = YES;
				GCC_WARN_UNUSED_VARIABLE = YES;
				IPHONEOS_DEPLOYMENT_TARGET = 15.2;
				MTL_ENABLE_DEBUG_INFO = INCLUDE_SOURCE;
				MTL_FAST_MATH = YES;
				ONLY_ACTIVE_ARCH = YES;
				SDKROOT = iphoneos;
				SWIFT_ACTIVE_COMPILATION_CONDITIONS = DEBUG;
				SWIFT_OPTIMIZATION_LEVEL = "-Onone";
			};
			name = Debug;
		};
		3B9698ED28976F5C006CED8C /* Release */ = {
			isa = XCBuildConfiguration;
			buildSettings = {
				ALWAYS_SEARCH_USER_PATHS = NO;
				CLANG_ANALYZER_NONNULL = YES;
				CLANG_ANALYZER_NUMBER_OBJECT_CONVERSION = YES_AGGRESSIVE;
				CLANG_CXX_LANGUAGE_STANDARD = "gnu++17";
				CLANG_CXX_LIBRARY = "libc++";
				CLANG_ENABLE_MODULES = YES;
				CLANG_ENABLE_OBJC_ARC = YES;
				CLANG_ENABLE_OBJC_WEAK = YES;
				CLANG_WARN_BLOCK_CAPTURE_AUTORELEASING = YES;
				CLANG_WARN_BOOL_CONVERSION = YES;
				CLANG_WARN_COMMA = YES;
				CLANG_WARN_CONSTANT_CONVERSION = YES;
				CLANG_WARN_DEPRECATED_OBJC_IMPLEMENTATIONS = YES;
				CLANG_WARN_DIRECT_OBJC_ISA_USAGE = YES_ERROR;
				CLANG_WARN_DOCUMENTATION_COMMENTS = YES;
				CLANG_WARN_EMPTY_BODY = YES;
				CLANG_WARN_ENUM_CONVERSION = YES;
				CLANG_WARN_INFINITE_RECURSION = YES;
				CLANG_WARN_INT_CONVERSION = YES;
				CLANG_WARN_NON_LITERAL_NULL_CONVERSION = YES;
				CLANG_WARN_OBJC_IMPLICIT_RETAIN_SELF = YES;
				CLANG_WARN_OBJC_LITERAL_CONVERSION = YES;
				CLANG_WARN_OBJC_ROOT_CLASS = YES_ERROR;
				CLANG_WARN_QUOTED_INCLUDE_IN_FRAMEWORK_HEADER = YES;
				CLANG_WARN_RANGE_LOOP_ANALYSIS = YES;
				CLANG_WARN_STRICT_PROTOTYPES = YES;
				CLANG_WARN_SUSPICIOUS_MOVE = YES;
				CLANG_WARN_UNGUARDED_AVAILABILITY = YES_AGGRESSIVE;
				CLANG_WARN_UNREACHABLE_CODE = YES;
				CLANG_WARN__DUPLICATE_METHOD_MATCH = YES;
				COPY_PHASE_STRIP = NO;
				DEBUG_INFORMATION_FORMAT = "dwarf-with-dsym";
				ENABLE_NS_ASSERTIONS = NO;
				ENABLE_STRICT_OBJC_MSGSEND = YES;
				GCC_C_LANGUAGE_STANDARD = gnu11;
				GCC_NO_COMMON_BLOCKS = YES;
				GCC_WARN_64_TO_32_BIT_CONVERSION = YES;
				GCC_WARN_ABOUT_RETURN_TYPE = YES_ERROR;
				GCC_WARN_UNDECLARED_SELECTOR = YES;
				GCC_WARN_UNINITIALIZED_AUTOS = YES_AGGRESSIVE;
				GCC_WARN_UNUSED_FUNCTION = YES;
				GCC_WARN_UNUSED_VARIABLE = YES;
				IPHONEOS_DEPLOYMENT_TARGET = 15.2;
				MTL_ENABLE_DEBUG_INFO = NO;
				MTL_FAST_MATH = YES;
				SDKROOT = iphoneos;
				SWIFT_COMPILATION_MODE = wholemodule;
				SWIFT_OPTIMIZATION_LEVEL = "-O";
				VALIDATE_PRODUCT = YES;
			};
			name = Release;
		};
		3B9698EF28976F5C006CED8C /* Debug */ = {
			isa = XCBuildConfiguration;
			buildSettings = {
				ASSETCATALOG_COMPILER_APPICON_NAME = AppIcon;
				ASSETCATALOG_COMPILER_GLOBAL_ACCENT_COLOR_NAME = AccentColor;
				CODE_SIGN_STYLE = Automatic;
				CURRENT_PROJECT_VERSION = 1;
				DEVELOPMENT_ASSET_PATHS = "\"API-JSON-with-URLSession/Preview Content\"";
				ENABLE_PREVIEWS = YES;
				GENERATE_INFOPLIST_FILE = YES;
				INFOPLIST_KEY_UIApplicationSceneManifest_Generation = YES;
				INFOPLIST_KEY_UIApplicationSupportsIndirectInputEvents = YES;
				INFOPLIST_KEY_UILaunchScreen_Generation = YES;
				INFOPLIST_KEY_UISupportedInterfaceOrientations_iPad = "UIInterfaceOrientationPortrait UIInterfaceOrientationPortraitUpsideDown UIInterfaceOrientationLandscapeLeft UIInterfaceOrientationLandscapeRight";
				INFOPLIST_KEY_UISupportedInterfaceOrientations_iPhone = "UIInterfaceOrientationPortrait UIInterfaceOrientationLandscapeLeft UIInterfaceOrientationLandscapeRight";
				LD_RUNPATH_SEARCH_PATHS = (
					"$(inherited)",
					"@executable_path/Frameworks",
				);
				MARKETING_VERSION = 1.0;
				PRODUCT_BUNDLE_IDENTIFIER = "bmejia.API-JSON-with-URLSession";
				PRODUCT_NAME = "$(TARGET_NAME)";
				SWIFT_EMIT_LOC_STRINGS = YES;
				SWIFT_VERSION = 5.0;
				TARGETED_DEVICE_FAMILY = "1,2";
			};
			name = Debug;
		};
		3B9698F028976F5C006CED8C /* Release */ = {
			isa = XCBuildConfiguration;
			buildSettings = {
				ASSETCATALOG_COMPILER_APPICON_NAME = AppIcon;
				ASSETCATALOG_COMPILER_GLOBAL_ACCENT_COLOR_NAME = AccentColor;
				CODE_SIGN_STYLE = Automatic;
				CURRENT_PROJECT_VERSION = 1;
				DEVELOPMENT_ASSET_PATHS = "\"API-JSON-with-URLSession/Preview Content\"";
				ENABLE_PREVIEWS = YES;
				GENERATE_INFOPLIST_FILE = YES;
				INFOPLIST_KEY_UIApplicationSceneManifest_Generation = YES;
				INFOPLIST_KEY_UIApplicationSupportsIndirectInputEvents = YES;
				INFOPLIST_KEY_UILaunchScreen_Generation = YES;
				INFOPLIST_KEY_UISupportedInterfaceOrientations_iPad = "UIInterfaceOrientationPortrait UIInterfaceOrientationPortraitUpsideDown UIInterfaceOrientationLandscapeLeft UIInterfaceOrientationLandscapeRight";
				INFOPLIST_KEY_UISupportedInterfaceOrientations_iPhone = "UIInterfaceOrientationPortrait UIInterfaceOrientationLandscapeLeft UIInterfaceOrientationLandscapeRight";
				LD_RUNPATH_SEARCH_PATHS = (
					"$(inherited)",
					"@executable_path/Frameworks",
				);
				MARKETING_VERSION = 1.0;
				PRODUCT_BUNDLE_IDENTIFIER = "bmejia.API-JSON-with-URLSession";
				PRODUCT_NAME = "$(TARGET_NAME)";
				SWIFT_EMIT_LOC_STRINGS = YES;
				SWIFT_VERSION = 5.0;
				TARGETED_DEVICE_FAMILY = "1,2";
			};
			name = Release;
		};
/* End XCBuildConfiguration section */

/* Begin XCConfigurationList section */
		3B9698DB28976F5A006CED8C /* Build configuration list for PBXProject "API-JSON-with-URLSession" */ = {
			isa = XCConfigurationList;
			buildConfigurations = (
				3B9698EC28976F5C006CED8C /* Debug */,
				3B9698ED28976F5C006CED8C /* Release */,
			);
			defaultConfigurationIsVisible = 0;
			defaultConfigurationName = Release;
		};
		3B9698EE28976F5C006CED8C /* Build configuration list for PBXNativeTarget "API-JSON-with-URLSession" */ = {
			isa = XCConfigurationList;
			buildConfigurations = (
				3B9698EF28976F5C006CED8C /* Debug */,
				3B9698F028976F5C006CED8C /* Release */,
			);
			defaultConfigurationIsVisible = 0;
			defaultConfigurationName = Release;
		};
/* End XCConfigurationList section */
	};
	rootObject = 3B9698D828976F5A006CED8C /* Project object */;
}
